
Microsoft Visual Studio Solution File, Format Version 12.00
# Visual Studio Version 17
VisualStudioVersion = 17.0.32112.339
MinimumVisualStudioVersion = 10.0.40219.1
Project("{FAE04EC0-301F-11D3-BF4B-00C04F79EFBC}") = "McServerControler", "McServerControler\McServerControler.csproj", "{DF450E24-A238-42B5-B33D-D9CE0EE0E3A7}"
EndProject
Project("{2150E333-8FDC-42A3-9474-1A3956D46DE8}") = "Solution Items", "Solution Items", "{90BA6C09-5454-4CAA-8CD8-7E9EAC352230}"
	ProjectSection(SolutionItems) = preProject
		.editorconfig = .editorconfig
	EndProjectSection
EndProject
Global
	GlobalSection(SolutionConfigurationPlatforms) = preSolution
		Debug|Any CPU = Debug|Any CPU
		Release|Any CPU = Release|Any CPU
	EndGlobalSection
	GlobalSection(ProjectConfigurationPlatforms) = postSolution
		{DF450E24-A238-42B5-B33D-D9CE0EE0E3A7}.Debug|Any CPU.ActiveCfg = Debug|Any CPU
		{DF450E24-A238-42B5-B33D-D9CE0EE0E3A7}.Debug|Any CPU.Build.0 = Debug|Any CPU
		{DF450E24-A238-42B5-B33D-D9CE0EE0E3A7}.Release|Any CPU.ActiveCfg = Release|Any CPU
		{DF450E24-A238-42B5-B33D-D9CE0EE0E3A7}.Release|Any CPU.Build.0 = Release|Any CPU
	EndGlobalSection
	GlobalSection(SolutionProperties) = preSolution
		HideSolutionNode = FALSE
	EndGlobalSection
	GlobalSection(ExtensibilityGlobals) = postSolution
		SolutionGuid = {09C95524-7A94-45D5-AF55-DB63DC2B280C}
	EndGlobalSection
EndGlobal
